<Solution>
  <!-- Core -->
  <Folder Name="/Core/">
    <Project Path="src/Core/IngenIA365ERP.Domain/IngenIA365ERP.Domain.csproj" />
    <Project Path="src/Core/IngenIA365ERP.Application/IngenIA365ERP.Application.csproj" />
  </Folder>

  <!-- Infrastructure -->
  <Folder Name="/Infrastructure/">
    <Project Path="src/Infrastructure/IngenIA365ERP.Persistence/IngenIA365ERP.Persistence.csproj" />
    <Project Path="src/Infrastructure/IngenIA365ERP.Identity/IngenIA365ERP.Identity.csproj" />
    <Project Path="src/Infrastructure/IngenIA365ERP.Audit/IngenIA365ERP.Audit.csproj" />
    <Project Path="src/Infrastructure/IngenIA365ERP.Caching/IngenIA365ERP.Caching.csproj" />
    <Project Path="src/Infrastructure/IngenIA365ERP.Legacy/IngenIA365ERP.Legacy.csproj" />
  </Folder>

  <!-- Presentation -->
  <Folder Name="/Presentation/">
    <Project Path="src/Presentation/IngenIA365ERP.API/IngenIA365ERP.API.csproj" />
    <Project Path="src/Presentation/IngenIA365ERP.App/IngenIA365ERP.App.csproj">
      <Build Solution="Debug|*" Project="false" />
    </Project>
    <Project Path="src/Presentation/IngenIA365ERP.Web/IngenIA365ERP.Web.csproj" />
    <Project Path="src/Presentation/IngenIA365ERP.Web.Client/IngenIA365ERP.Web.Client.csproj" />
    <Project Path="src/Presentation/IngenIA365ERP.Shared/IngenIA365ERP.Shared.csproj" />
  </Folder>

  <!-- Tests -->
  <Folder Name="/Tests/">
    <Project Path="tests/IngenIA365ERP.Domain.Tests/IngenIA365ERP.Domain.Tests.csproj" />
    <Project Path="tests/IngenIA365ERP.Application.Tests/IngenIA365ERP.Application.Tests.csproj" />
    <Project Path="tests/IngenIA365ERP.API.IntegrationTests/IngenIA365ERP.API.IntegrationTests.csproj" />
    <Project Path="tests/IngenIA365ERP.Architecture.Tests/IngenIA365ERP.Architecture.Tests.csproj" />
  </Folder>

  <!-- Tools -->
  <Folder Name="/Tools/">
    <Project Path="tools/IngenIA365ERP.DataMigrator/IngenIA365ERP.DataMigrator.csproj" />
    <Project Path="tools/IngenIA365ERP.DbMigrator/IngenIA365ERP.DbMigrator.csproj" />
  </Folder>
</Solution>
